
Microsoft Visual Studio Solution File, Format Version 12.00
# Visual Studio Version 16
VisualStudioVersion = 25.0.1706.1
MinimumVisualStudioVersion = 10.0.40219.1
Project("{FAE04EC0-301F-11D3-BF4B-00C04F79EFBC}") = "MarketingCloudSDKBindings.Android", "MarketingCloudSDKBindings.Android\MarketingCloudSDKBindings.Android.csproj", "{1FCA6A40-2BE1-4B01-BA00-A4344F062BCF}"
EndProject
Project("{FAE04EC0-301F-11D3-BF4B-00C04F79EFBC}") = "MarketingCloudSDKBindings.iOS", "MarketingCloudSDKBindings.iOS\MarketingCloudSDKBindings.iOS.csproj", "{930CDF13-5184-48F7-BE85-9A5037707626}"
EndProject
Project("{FAE04EC0-301F-11D3-BF4B-00C04F79EFBC}") = "SFMCSDK.iOS", "SFMCSDK.iOS\SFMCSDK.iOS.csproj", "{A438D6C0-3E2F-4A50-A118-54601C60AAB9}"
EndProject
Project("{FAE04EC0-301F-11D3-BF4B-00C04F79EFBC}") = "SFMCSDK.Android", "SFMCSDK.Android\SFMCSDK.Android.csproj", "{E48ED66E-1FE7-4B47-9CBC-EBBAFCE55472}"
EndProject
Global
	GlobalSection(SolutionConfigurationPlatforms) = preSolution
		Debug|Any CPU = Debug|Any CPU
		Release|Any CPU = Release|Any CPU
	EndGlobalSection
	GlobalSection(ProjectConfigurationPlatforms) = postSolution
		{1FCA6A40-2BE1-4B01-BA00-A4344F062BCF}.Debug|Any CPU.ActiveCfg = Debug|Any CPU
		{1FCA6A40-2BE1-4B01-BA00-A4344F062BCF}.Debug|Any CPU.Build.0 = Debug|Any CPU
		{1FCA6A40-2BE1-4B01-BA00-A4344F062BCF}.Release|Any CPU.ActiveCfg = Release|Any CPU
		{1FCA6A40-2BE1-4B01-BA00-A4344F062BCF}.Release|Any CPU.Build.0 = Release|Any CPU
		{930CDF13-5184-48F7-BE85-9A5037707626}.Debug|Any CPU.ActiveCfg = Debug|Any CPU
		{930CDF13-5184-48F7-BE85-9A5037707626}.Debug|Any CPU.Build.0 = Debug|Any CPU
		{930CDF13-5184-48F7-BE85-9A5037707626}.Release|Any CPU.ActiveCfg = Release|Any CPU
		{930CDF13-5184-48F7-BE85-9A5037707626}.Release|Any CPU.Build.0 = Release|Any CPU
		{A438D6C0-3E2F-4A50-A118-54601C60AAB9}.Debug|Any CPU.ActiveCfg = Debug|Any CPU
		{A438D6C0-3E2F-4A50-A118-54601C60AAB9}.Debug|Any CPU.Build.0 = Debug|Any CPU
		{A438D6C0-3E2F-4A50-A118-54601C60AAB9}.Release|Any CPU.ActiveCfg = Release|Any CPU
		{A438D6C0-3E2F-4A50-A118-54601C60AAB9}.Release|Any CPU.Build.0 = Release|Any CPU
		{E48ED66E-1FE7-4B47-9CBC-EBBAFCE55472}.Debug|Any CPU.ActiveCfg = Debug|Any CPU
		{E48ED66E-1FE7-4B47-9CBC-EBBAFCE55472}.Debug|Any CPU.Build.0 = Debug|Any CPU
		{E48ED66E-1FE7-4B47-9CBC-EBBAFCE55472}.Release|Any CPU.ActiveCfg = Release|Any CPU
		{E48ED66E-1FE7-4B47-9CBC-EBBAFCE55472}.Release|Any CPU.Build.0 = Release|Any CPU
	EndGlobalSection
	GlobalSection(SolutionProperties) = preSolution
		HideSolutionNode = FALSE
	EndGlobalSection
	GlobalSection(ExtensibilityGlobals) = postSolution
		SolutionGuid = {C2D1A42C-FE44-435F-97AB-C52D1E33B8FE}
	EndGlobalSection
EndGlobal
